// !$*UTF8*$!
{
	archiveVersion = 1;
	classes = {
	};
	objectVersion = 56;
	objects = {

/* Begin PBXBuildFile section */
		260BDE0B2B4C20A50077BCA9 /* Kingfisher in Frameworks */ = {isa = PBXBuildFile; productRef = 260BDE0A2B4C20A50077BCA9 /* Kingfisher */; };
		2645A4202B739DF100DA45A8 /* BusinessProfileTabBarButton.swift in Sources */ = {isa = PBXBuildFile; fileRef = 2645A3C42B739DF100DA45A8 /* BusinessProfileTabBarButton.swift */; };
		2645A4212B739DF100DA45A8 /* MainTabView.swift in Sources */ = {isa = PBXBuildFile; fileRef = 2645A3C62B739DF100DA45A8 /* MainTabView.swift */; };
		2645A4222B739DF100DA45A8 /* Constants.swift in Sources */ = {isa = PBXBuildFile; fileRef = 2645A3C82B739DF100DA45A8 /* Constants.swift */; };
		2645A4232B739DF100DA45A8 /* SearchViewModel.swift in Sources */ = {isa = PBXBuildFile; fileRef = 2645A3CB2B739DF100DA45A8 /* SearchViewModel.swift */; };
		2645A4242B739DF100DA45A8 /* SearchView.swift in Sources */ = {isa = PBXBuildFile; fileRef = 2645A3CD2B739DF100DA45A8 /* SearchView.swift */; };
		2645A4252B739DF100DA45A8 /* PostGridViewModel.swift in Sources */ = {isa = PBXBuildFile; fileRef = 2645A3D12B739DF100DA45A8 /* PostGridViewModel.swift */; };
		2645A4262B739DF100DA45A8 /* EventViewModel.swift in Sources */ = {isa = PBXBuildFile; fileRef = 2645A3D32B739DF100DA45A8 /* EventViewModel.swift */; };
		2645A4272B739DF100DA45A8 /* EventLocationViewModel.swift in Sources */ = {isa = PBXBuildFile; fileRef = 2645A3D42B739DF100DA45A8 /* EventLocationViewModel.swift */; };
		2645A4282B739DF100DA45A8 /* LocationSearchViewModel.swift in Sources */ = {isa = PBXBuildFile; fileRef = 2645A3D52B739DF100DA45A8 /* LocationSearchViewModel.swift */; };
		2645A4292B739DF100DA45A8 /* BusinessPromotionGridView.swift in Sources */ = {isa = PBXBuildFile; fileRef = 2645A3D82B739DF100DA45A8 /* BusinessPromotionGridView.swift */; };
		2645A42A2B739DF100DA45A8 /* PostGridView.swift in Sources */ = {isa = PBXBuildFile; fileRef = 2645A3DA2B739DF100DA45A8 /* PostGridView.swift */; };
		2645A42B2B739DF100DA45A8 /* CircularProfileImageView.swift in Sources */ = {isa = PBXBuildFile; fileRef = 2645A3DB2B739DF100DA45A8 /* CircularProfileImageView.swift */; };
		2645A42C2B739DF100DA45A8 /* UserStatsView.swift in Sources */ = {isa = PBXBuildFile; fileRef = 2645A3DC2B739DF100DA45A8 /* UserStatsView.swift */; };
		2645A42D2B739DF100DA45A8 /* TextFieldModifier.swift in Sources */ = {isa = PBXBuildFile; fileRef = 2645A3DD2B739DF100DA45A8 /* TextFieldModifier.swift */; };
		2645A42E2B739DF100DA45A8 /* MyEventsView.swift in Sources */ = {isa = PBXBuildFile; fileRef = 2645A3DF2B739DF100DA45A8 /* MyEventsView.swift */; };
		2645A42F2B739DF100DA45A8 /* JoinView.swift in Sources */ = {isa = PBXBuildFile; fileRef = 2645A3E02B739DF100DA45A8 /* JoinView.swift */; };
		2645A4302B739DF100DA45A8 /* MapViewActionButton.swift in Sources */ = {isa = PBXBuildFile; fileRef = 2645A3E12B739DF100DA45A8 /* MapViewActionButton.swift */; };
		2645A4312B739DF100DA45A8 /* LocationSearchView.swift in Sources */ = {isa = PBXBuildFile; fileRef = 2645A3E22B739DF100DA45A8 /* LocationSearchView.swift */; };
		2645A4322B739DF100DA45A8 /* AddEventView.swift in Sources */ = {isa = PBXBuildFile; fileRef = 2645A3E32B739DF100DA45A8 /* AddEventView.swift */; };
		2645A4332B739DF100DA45A8 /* LocationSearchResultCell.swift in Sources */ = {isa = PBXBuildFile; fileRef = 2645A3E42B739DF100DA45A8 /* LocationSearchResultCell.swift */; };
		2645A4342B739DF100DA45A8 /* EventLocationPickerView.swift in Sources */ = {isa = PBXBuildFile; fileRef = 2645A3E52B739DF100DA45A8 /* EventLocationPickerView.swift */; };
		2645A4352B739DF100DA45A8 /* EventViewRepresentable.swift in Sources */ = {isa = PBXBuildFile; fileRef = 2645A3E62B739DF100DA45A8 /* EventViewRepresentable.swift */; };
		2645A4362B739DF100DA45A8 /* EventLocationView.swift in Sources */ = {isa = PBXBuildFile; fileRef = 2645A3E72B739DF100DA45A8 /* EventLocationView.swift */; };
		2645A4372B739DF100DA45A8 /* EventsNearMeView.swift in Sources */ = {isa = PBXBuildFile; fileRef = 2645A3E82B739DF100DA45A8 /* EventsNearMeView.swift */; };
		2645A4382B739DF100DA45A8 /* AddBusinessPromotionViewModel.swift in Sources */ = {isa = PBXBuildFile; fileRef = 2645A3EC2B739DF100DA45A8 /* AddBusinessPromotionViewModel.swift */; };
		2645A4392B739DF200DA45A8 /* EditProfileViewModel.swift in Sources */ = {isa = PBXBuildFile; fileRef = 2645A3EE2B739DF100DA45A8 /* EditProfileViewModel.swift */; };
		2645A43A2B739DF200DA45A8 /* BusinessPromotionsView.swift in Sources */ = {isa = PBXBuildFile; fileRef = 2645A3F12B739DF100DA45A8 /* BusinessPromotionsView.swift */; };
		2645A43B2B739DF200DA45A8 /* AddBusinessPromotionView.swift in Sources */ = {isa = PBXBuildFile; fileRef = 2645A3F22B739DF100DA45A8 /* AddBusinessPromotionView.swift */; };
		2645A43C2B739DF200DA45A8 /* PastBusinessPromotionsView.swift in Sources */ = {isa = PBXBuildFile; fileRef = 2645A3F32B739DF100DA45A8 /* PastBusinessPromotionsView.swift */; };
		2645A43D2B739DF200DA45A8 /* BusinessProfileHeaderView.swift in Sources */ = {isa = PBXBuildFile; fileRef = 2645A3F42B739DF100DA45A8 /* BusinessProfileHeaderView.swift */; };
		2645A43E2B739DF200DA45A8 /* BusinessProfileView.swift in Sources */ = {isa = PBXBuildFile; fileRef = 2645A3F52B739DF100DA45A8 /* BusinessProfileView.swift */; };
		2645A43F2B739DF200DA45A8 /* PromotionsNearUserView.swift in Sources */ = {isa = PBXBuildFile; fileRef = 2645A3F62B739DF100DA45A8 /* PromotionsNearUserView.swift */; };
		2645A4402B739DF200DA45A8 /* CurrentUserProfileView.swift in Sources */ = {isa = PBXBuildFile; fileRef = 2645A3F82B739DF100DA45A8 /* CurrentUserProfileView.swift */; };
		2645A4412B739DF200DA45A8 /* EditProfileView.swift in Sources */ = {isa = PBXBuildFile; fileRef = 2645A3F92B739DF100DA45A8 /* EditProfileView.swift */; };
		2645A4422B739DF200DA45A8 /* ProfileView.swift in Sources */ = {isa = PBXBuildFile; fileRef = 2645A3FA2B739DF100DA45A8 /* ProfileView.swift */; };
		2645A4432B739DF200DA45A8 /* ProfileHeaderView.swift in Sources */ = {isa = PBXBuildFile; fileRef = 2645A3FB2B739DF100DA45A8 /* ProfileHeaderView.swift */; };
		2645A4442B739DF200DA45A8 /* FeedViewModel.swift in Sources */ = {isa = PBXBuildFile; fileRef = 2645A3FF2B739DF100DA45A8 /* FeedViewModel.swift */; };
		2645A4452B739DF200DA45A8 /* BusinessPromotionViewModel.swift in Sources */ = {isa = PBXBuildFile; fileRef = 2645A4012B739DF100DA45A8 /* BusinessPromotionViewModel.swift */; };
		2645A4462B739DF200DA45A8 /* BusinessPromotionCell.swift in Sources */ = {isa = PBXBuildFile; fileRef = 2645A4042B739DF100DA45A8 /* BusinessPromotionCell.swift */; };
		2645A4472B739DF200DA45A8 /* FeedView.swift in Sources */ = {isa = PBXBuildFile; fileRef = 2645A4062B739DF100DA45A8 /* FeedView.swift */; };
		2645A4482B739DF200DA45A8 /* FeedCell.swift in Sources */ = {isa = PBXBuildFile; fileRef = 2645A4072B739DF100DA45A8 /* FeedCell.swift */; };
		2645A4492B739DF200DA45A8 /* ContentViewModel.swift in Sources */ = {isa = PBXBuildFile; fileRef = 2645A40A2B739DF100DA45A8 /* ContentViewModel.swift */; };
		2645A44A2B739DF200DA45A8 /* ContentView.swift in Sources */ = {isa = PBXBuildFile; fileRef = 2645A40C2B739DF100DA45A8 /* ContentView.swift */; };
		2645A44C2B739DF200DA45A8 /* UploadPostViewModel.swift in Sources */ = {isa = PBXBuildFile; fileRef = 2645A4102B739DF100DA45A8 /* UploadPostViewModel.swift */; };
		2645A44D2B739DF200DA45A8 /* UploadPostView.swift in Sources */ = {isa = PBXBuildFile; fileRef = 2645A4122B739DF100DA45A8 /* UploadPostView.swift */; };
		2645A44E2B739DF200DA45A8 /* LoginViewModel.swift in Sources */ = {isa = PBXBuildFile; fileRef = 2645A4152B739DF100DA45A8 /* LoginViewModel.swift */; };
		2645A44F2B739DF200DA45A8 /* RegistrationViewModel.swift in Sources */ = {isa = PBXBuildFile; fileRef = 2645A4162B739DF100DA45A8 /* RegistrationViewModel.swift */; };
		2645A4502B739DF200DA45A8 /* BusinessAccountSignUpView.swift in Sources */ = {isa = PBXBuildFile; fileRef = 2645A4182B739DF100DA45A8 /* BusinessAccountSignUpView.swift */; };
		2645A4512B739DF200DA45A8 /* CreatePasswordView.swift in Sources */ = {isa = PBXBuildFile; fileRef = 2645A4192B739DF100DA45A8 /* CreatePasswordView.swift */; };
		2645A4522B739DF200DA45A8 /* CompleteSignUpView.swift in Sources */ = {isa = PBXBuildFile; fileRef = 2645A41A2B739DF100DA45A8 /* CompleteSignUpView.swift */; };
		2645A4532B739DF200DA45A8 /* CreateUsernameView.swift in Sources */ = {isa = PBXBuildFile; fileRef = 2645A41B2B739DF100DA45A8 /* CreateUsernameView.swift */; };
		2645A4542B739DF200DA45A8 /* LoginView.swift in Sources */ = {isa = PBXBuildFile; fileRef = 2645A41C2B739DF100DA45A8 /* LoginView.swift */; };
		2645A4552B739DF200DA45A8 /* AddEmailView.swift in Sources */ = {isa = PBXBuildFile; fileRef = 2645A41D2B739DF100DA45A8 /* AddEmailView.swift */; };
		2645A4562B739DF200DA45A8 /* AuthService.swift in Sources */ = {isa = PBXBuildFile; fileRef = 2645A41F2B739DF100DA45A8 /* AuthService.swift */; };
		2645A45C2B739E3500DA45A8 /* ImageUploader.swift in Sources */ = {isa = PBXBuildFile; fileRef = 2645A4582B739E3500DA45A8 /* ImageUploader.swift */; };
		2645A45D2B739E3500DA45A8 /* UserService.swift in Sources */ = {isa = PBXBuildFile; fileRef = 2645A4592B739E3500DA45A8 /* UserService.swift */; };
		2645A45E2B739E3500DA45A8 /* EventService.swift in Sources */ = {isa = PBXBuildFile; fileRef = 2645A45A2B739E3500DA45A8 /* EventService.swift */; };
		2645A45F2B739E3500DA45A8 /* PostService.swift in Sources */ = {isa = PBXBuildFile; fileRef = 2645A45B2B739E3500DA45A8 /* PostService.swift */; };
		2645A4662B739E5A00DA45A8 /* VibeUser.swift in Sources */ = {isa = PBXBuildFile; fileRef = 2645A4612B739E5A00DA45A8 /* VibeUser.swift */; };
		2645A4672B739E5A00DA45A8 /* Event.swift in Sources */ = {isa = PBXBuildFile; fileRef = 2645A4622B739E5A00DA45A8 /* Event.swift */; };
		2645A4682B739E5A00DA45A8 /* Post.swift in Sources */ = {isa = PBXBuildFile; fileRef = 2645A4632B739E5A00DA45A8 /* Post.swift */; };
		2645A4692B739E5A00DA45A8 /* BusinessPromotion.swift in Sources */ = {isa = PBXBuildFile; fileRef = 2645A4642B739E5A00DA45A8 /* BusinessPromotion.swift */; };
		2645A46A2B739E5A00DA45A8 /* BusinessUser.swift in Sources */ = {isa = PBXBuildFile; fileRef = 2645A4652B739E5A00DA45A8 /* BusinessUser.swift */; };
		2645A46F2B739F0300DA45A8 /* Preview Assets.xcassets in Resources */ = {isa = PBXBuildFile; fileRef = 2645A46E2B739F0300DA45A8 /* Preview Assets.xcassets */; };
		2645A4712B739F1300DA45A8 /* Assets.xcassets in Resources */ = {isa = PBXBuildFile; fileRef = 2645A4702B739F1300DA45A8 /* Assets.xcassets */; };
		2645A4732B73A9BC00DA45A8 /* UserHomeView.swift in Sources */ = {isa = PBXBuildFile; fileRef = 2645A4722B73A9BC00DA45A8 /* UserHomeView.swift */; };
		2645A4752B77F91E00DA45A8 /* MapFieldView.swift in Sources */ = {isa = PBXBuildFile; fileRef = 2645A4742B77F91E00DA45A8 /* MapFieldView.swift */; };
		26980B622B4B121F00FC4227 /* FirebaseAuth in Frameworks */ = {isa = PBXBuildFile; productRef = 26980B612B4B121F00FC4227 /* FirebaseAuth */; };
		26CA2E612B3B6CEA006DA2AC /* VibeApp.swift in Sources */ = {isa = PBXBuildFile; fileRef = 26CA2E602B3B6CEA006DA2AC /* VibeApp.swift */; };
		26CA2E722B3B6CED006DA2AC /* VibeTests.swift in Sources */ = {isa = PBXBuildFile; fileRef = 26CA2E712B3B6CED006DA2AC /* VibeTests.swift */; };
		26CA2E7C2B3B6CED006DA2AC /* VibeUITests.swift in Sources */ = {isa = PBXBuildFile; fileRef = 26CA2E7B2B3B6CED006DA2AC /* VibeUITests.swift */; };
		26CA2E7E2B3B6CED006DA2AC /* VibeUITestsLaunchTests.swift in Sources */ = {isa = PBXBuildFile; fileRef = 26CA2E7D2B3B6CED006DA2AC /* VibeUITestsLaunchTests.swift */; };
		26CA2E962B3B7A94006DA2AC /* InputView.swift in Sources */ = {isa = PBXBuildFile; fileRef = 26CA2E952B3B7A94006DA2AC /* InputView.swift */; };
		26CA2E9C2B3B8D99006DA2AC /* SettingsRowView.swift in Sources */ = {isa = PBXBuildFile; fileRef = 26CA2E9B2B3B8D99006DA2AC /* SettingsRowView.swift */; };
		26CA2EA02B3BA3BC006DA2AC /* GoogleService-Info.plist in Resources */ = {isa = PBXBuildFile; fileRef = 26CA2E9F2B3BA3BC006DA2AC /* GoogleService-Info.plist */; };
		26CA2EA52B3BA694006DA2AC /* FirebaseFirestore in Frameworks */ = {isa = PBXBuildFile; productRef = 26CA2EA42B3BA694006DA2AC /* FirebaseFirestore */; };
		26CA2EA72B3BA694006DA2AC /* FirebaseFirestoreSwift in Frameworks */ = {isa = PBXBuildFile; productRef = 26CA2EA62B3BA694006DA2AC /* FirebaseFirestoreSwift */; };
		26CA2EA92B3BA694006DA2AC /* FirebaseStorage in Frameworks */ = {isa = PBXBuildFile; productRef = 26CA2EA82B3BA694006DA2AC /* FirebaseStorage */; settings = {ATTRIBUTES = (Required, ); }; };
/* End PBXBuildFile section */

/* Begin PBXContainerItemProxy section */
		26CA2E6E2B3B6CED006DA2AC /* PBXContainerItemProxy */ = {
			isa = PBXContainerItemProxy;
			containerPortal = 26CA2E552B3B6CEA006DA2AC /* Project object */;
			proxyType = 1;
			remoteGlobalIDString = 26CA2E5C2B3B6CEA006DA2AC;
			remoteInfo = Vibe;
		};
		26CA2E782B3B6CED006DA2AC /* PBXContainerItemProxy */ = {
			isa = PBXContainerItemProxy;
			containerPortal = 26CA2E552B3B6CEA006DA2AC /* Project object */;
			proxyType = 1;
			remoteGlobalIDString = 26CA2E5C2B3B6CEA006DA2AC;
			remoteInfo = Vibe;
		};
/* End PBXContainerItemProxy section */

/* Begin PBXFileReference section */
		2645A3C42B739DF100DA45A8 /* BusinessProfileTabBarButton.swift */ = {isa = PBXFileReference; fileEncoding = 4; lastKnownFileType = sourcecode.swift; path = BusinessProfileTabBarButton.swift; sourceTree = "<group>"; };
		2645A3C62B739DF100DA45A8 /* MainTabView.swift */ = {isa = PBXFileReference; fileEncoding = 4; lastKnownFileType = sourcecode.swift; path = MainTabView.swift; sourceTree = "<group>"; };
		2645A3C82B739DF100DA45A8 /* Constants.swift */ = {isa = PBXFileReference; fileEncoding = 4; lastKnownFileType = sourcecode.swift; path = Constants.swift; sourceTree = "<group>"; };
		2645A3CB2B739DF100DA45A8 /* SearchViewModel.swift */ = {isa = PBXFileReference; fileEncoding = 4; lastKnownFileType = sourcecode.swift; path = SearchViewModel.swift; sourceTree = "<group>"; };
		2645A3CD2B739DF100DA45A8 /* SearchView.swift */ = {isa = PBXFileReference; fileEncoding = 4; lastKnownFileType = sourcecode.swift; path = SearchView.swift; sourceTree = "<group>"; };
		2645A3D12B739DF100DA45A8 /* PostGridViewModel.swift */ = {isa = PBXFileReference; fileEncoding = 4; lastKnownFileType = sourcecode.swift; path = PostGridViewModel.swift; sourceTree = "<group>"; };
		2645A3D32B739DF100DA45A8 /* EventViewModel.swift */ = {isa = PBXFileReference; fileEncoding = 4; lastKnownFileType = sourcecode.swift; path = EventViewModel.swift; sourceTree = "<group>"; };
		2645A3D42B739DF100DA45A8 /* EventLocationViewModel.swift */ = {isa = PBXFileReference; fileEncoding = 4; lastKnownFileType = sourcecode.swift; path = EventLocationViewModel.swift; sourceTree = "<group>"; };
		2645A3D52B739DF100DA45A8 /* LocationSearchViewModel.swift */ = {isa = PBXFileReference; fileEncoding = 4; lastKnownFileType = sourcecode.swift; path = LocationSearchViewModel.swift; sourceTree = "<group>"; };
		2645A3D82B739DF100DA45A8 /* BusinessPromotionGridView.swift */ = {isa = PBXFileReference; fileEncoding = 4; lastKnownFileType = sourcecode.swift; path = BusinessPromotionGridView.swift; sourceTree = "<group>"; };
		2645A3DA2B739DF100DA45A8 /* PostGridView.swift */ = {isa = PBXFileReference; fileEncoding = 4; lastKnownFileType = sourcecode.swift; path = PostGridView.swift; sourceTree = "<group>"; };
		2645A3DB2B739DF100DA45A8 /* CircularProfileImageView.swift */ = {isa = PBXFileReference; fileEncoding = 4; lastKnownFileType = sourcecode.swift; path = CircularProfileImageView.swift; sourceTree = "<group>"; };
		2645A3DC2B739DF100DA45A8 /* UserStatsView.swift */ = {isa = PBXFileReference; fileEncoding = 4; lastKnownFileType = sourcecode.swift; path = UserStatsView.swift; sourceTree = "<group>"; };
		2645A3DD2B739DF100DA45A8 /* TextFieldModifier.swift */ = {isa = PBXFileReference; fileEncoding = 4; lastKnownFileType = sourcecode.swift; path = TextFieldModifier.swift; sourceTree = "<group>"; };
		2645A3DF2B739DF100DA45A8 /* MyEventsView.swift */ = {isa = PBXFileReference; fileEncoding = 4; lastKnownFileType = sourcecode.swift; path = MyEventsView.swift; sourceTree = "<group>"; };
		2645A3E02B739DF100DA45A8 /* JoinView.swift */ = {isa = PBXFileReference; fileEncoding = 4; lastKnownFileType = sourcecode.swift; path = JoinView.swift; sourceTree = "<group>"; };
		2645A3E12B739DF100DA45A8 /* MapViewActionButton.swift */ = {isa = PBXFileReference; fileEncoding = 4; lastKnownFileType = sourcecode.swift; path = MapViewActionButton.swift; sourceTree = "<group>"; };
		2645A3E22B739DF100DA45A8 /* LocationSearchView.swift */ = {isa = PBXFileReference; fileEncoding = 4; lastKnownFileType = sourcecode.swift; path = LocationSearchView.swift; sourceTree = "<group>"; };
		2645A3E32B739DF100DA45A8 /* AddEventView.swift */ = {isa = PBXFileReference; fileEncoding = 4; lastKnownFileType = sourcecode.swift; path = AddEventView.swift; sourceTree = "<group>"; };
		2645A3E42B739DF100DA45A8 /* LocationSearchResultCell.swift */ = {isa = PBXFileReference; fileEncoding = 4; lastKnownFileType = sourcecode.swift; path = LocationSearchResultCell.swift; sourceTree = "<group>"; };
		2645A3E52B739DF100DA45A8 /* EventLocationPickerView.swift */ = {isa = PBXFileReference; fileEncoding = 4; lastKnownFileType = sourcecode.swift; path = EventLocationPickerView.swift; sourceTree = "<group>"; };
		2645A3E62B739DF100DA45A8 /* EventViewRepresentable.swift */ = {isa = PBXFileReference; fileEncoding = 4; lastKnownFileType = sourcecode.swift; path = EventViewRepresentable.swift; sourceTree = "<group>"; };
		2645A3E72B739DF100DA45A8 /* EventLocationView.swift */ = {isa = PBXFileReference; fileEncoding = 4; lastKnownFileType = sourcecode.swift; path = EventLocationView.swift; sourceTree = "<group>"; };
		2645A3E82B739DF100DA45A8 /* EventsNearMeView.swift */ = {isa = PBXFileReference; fileEncoding = 4; lastKnownFileType = sourcecode.swift; path = EventsNearMeView.swift; sourceTree = "<group>"; };
		2645A3EC2B739DF100DA45A8 /* AddBusinessPromotionViewModel.swift */ = {isa = PBXFileReference; fileEncoding = 4; lastKnownFileType = sourcecode.swift; path = AddBusinessPromotionViewModel.swift; sourceTree = "<group>"; };
		2645A3EE2B739DF100DA45A8 /* EditProfileViewModel.swift */ = {isa = PBXFileReference; fileEncoding = 4; lastKnownFileType = sourcecode.swift; path = EditProfileViewModel.swift; sourceTree = "<group>"; };
		2645A3F12B739DF100DA45A8 /* BusinessPromotionsView.swift */ = {isa = PBXFileReference; fileEncoding = 4; lastKnownFileType = sourcecode.swift; path = BusinessPromotionsView.swift; sourceTree = "<group>"; };
		2645A3F22B739DF100DA45A8 /* AddBusinessPromotionView.swift */ = {isa = PBXFileReference; fileEncoding = 4; lastKnownFileType = sourcecode.swift; path = AddBusinessPromotionView.swift; sourceTree = "<group>"; };
		2645A3F32B739DF100DA45A8 /* PastBusinessPromotionsView.swift */ = {isa = PBXFileReference; fileEncoding = 4; lastKnownFileType = sourcecode.swift; path = PastBusinessPromotionsView.swift; sourceTree = "<group>"; };
		2645A3F42B739DF100DA45A8 /* BusinessProfileHeaderView.swift */ = {isa = PBXFileReference; fileEncoding = 4; lastKnownFileType = sourcecode.swift; path = BusinessProfileHeaderView.swift; sourceTree = "<group>"; };
		2645A3F52B739DF100DA45A8 /* BusinessProfileView.swift */ = {isa = PBXFileReference; fileEncoding = 4; lastKnownFileType = sourcecode.swift; path = BusinessProfileView.swift; sourceTree = "<group>"; };
		2645A3F62B739DF100DA45A8 /* PromotionsNearUserView.swift */ = {isa = PBXFileReference; fileEncoding = 4; lastKnownFileType = sourcecode.swift; path = PromotionsNearUserView.swift; sourceTree = "<group>"; };
		2645A3F82B739DF100DA45A8 /* CurrentUserProfileView.swift */ = {isa = PBXFileReference; fileEncoding = 4; lastKnownFileType = sourcecode.swift; path = CurrentUserProfileView.swift; sourceTree = "<group>"; };
		2645A3F92B739DF100DA45A8 /* EditProfileView.swift */ = {isa = PBXFileReference; fileEncoding = 4; lastKnownFileType = sourcecode.swift; path = EditProfileView.swift; sourceTree = "<group>"; };
		2645A3FA2B739DF100DA45A8 /* ProfileView.swift */ = {isa = PBXFileReference; fileEncoding = 4; lastKnownFileType = sourcecode.swift; path = ProfileView.swift; sourceTree = "<group>"; };
		2645A3FB2B739DF100DA45A8 /* ProfileHeaderView.swift */ = {isa = PBXFileReference; fileEncoding = 4; lastKnownFileType = sourcecode.swift; path = ProfileHeaderView.swift; sourceTree = "<group>"; };
		2645A3FF2B739DF100DA45A8 /* FeedViewModel.swift */ = {isa = PBXFileReference; fileEncoding = 4; lastKnownFileType = sourcecode.swift; path = FeedViewModel.swift; sourceTree = "<group>"; };
		2645A4012B739DF100DA45A8 /* BusinessPromotionViewModel.swift */ = {isa = PBXFileReference; fileEncoding = 4; lastKnownFileType = sourcecode.swift; path = BusinessPromotionViewModel.swift; sourceTree = "<group>"; };
		2645A4042B739DF100DA45A8 /* BusinessPromotionCell.swift */ = {isa = PBXFileReference; fileEncoding = 4; lastKnownFileType = sourcecode.swift; path = BusinessPromotionCell.swift; sourceTree = "<group>"; };
		2645A4062B739DF100DA45A8 /* FeedView.swift */ = {isa = PBXFileReference; fileEncoding = 4; lastKnownFileType = sourcecode.swift; path = FeedView.swift; sourceTree = "<group>"; };
		2645A4072B739DF100DA45A8 /* FeedCell.swift */ = {isa = PBXFileReference; fileEncoding = 4; lastKnownFileType = sourcecode.swift; path = FeedCell.swift; sourceTree = "<group>"; };
		2645A40A2B739DF100DA45A8 /* ContentViewModel.swift */ = {isa = PBXFileReference; fileEncoding = 4; lastKnownFileType = sourcecode.swift; path = ContentViewModel.swift; sourceTree = "<group>"; };
		2645A40C2B739DF100DA45A8 /* ContentView.swift */ = {isa = PBXFileReference; fileEncoding = 4; lastKnownFileType = sourcecode.swift; path = ContentView.swift; sourceTree = "<group>"; };
		2645A4102B739DF100DA45A8 /* UploadPostViewModel.swift */ = {isa = PBXFileReference; fileEncoding = 4; lastKnownFileType = sourcecode.swift; path = UploadPostViewModel.swift; sourceTree = "<group>"; };
		2645A4122B739DF100DA45A8 /* UploadPostView.swift */ = {isa = PBXFileReference; fileEncoding = 4; lastKnownFileType = sourcecode.swift; path = UploadPostView.swift; sourceTree = "<group>"; };
		2645A4152B739DF100DA45A8 /* LoginViewModel.swift */ = {isa = PBXFileReference; fileEncoding = 4; lastKnownFileType = sourcecode.swift; path = LoginViewModel.swift; sourceTree = "<group>"; };
		2645A4162B739DF100DA45A8 /* RegistrationViewModel.swift */ = {isa = PBXFileReference; fileEncoding = 4; lastKnownFileType = sourcecode.swift; path = RegistrationViewModel.swift; sourceTree = "<group>"; };
		2645A4182B739DF100DA45A8 /* BusinessAccountSignUpView.swift */ = {isa = PBXFileReference; fileEncoding = 4; lastKnownFileType = sourcecode.swift; path = BusinessAccountSignUpView.swift; sourceTree = "<group>"; };
		2645A4192B739DF100DA45A8 /* CreatePasswordView.swift */ = {isa = PBXFileReference; fileEncoding = 4; lastKnownFileType = sourcecode.swift; path = CreatePasswordView.swift; sourceTree = "<group>"; };
		2645A41A2B739DF100DA45A8 /* CompleteSignUpView.swift */ = {isa = PBXFileReference; fileEncoding = 4; lastKnownFileType = sourcecode.swift; path = CompleteSignUpView.swift; sourceTree = "<group>"; };
		2645A41B2B739DF100DA45A8 /* CreateUsernameView.swift */ = {isa = PBXFileReference; fileEncoding = 4; lastKnownFileType = sourcecode.swift; path = CreateUsernameView.swift; sourceTree = "<group>"; };
		2645A41C2B739DF100DA45A8 /* LoginView.swift */ = {isa = PBXFileReference; fileEncoding = 4; lastKnownFileType = sourcecode.swift; path = LoginView.swift; sourceTree = "<group>"; };
		2645A41D2B739DF100DA45A8 /* AddEmailView.swift */ = {isa = PBXFileReference; fileEncoding = 4; lastKnownFileType = sourcecode.swift; path = AddEmailView.swift; sourceTree = "<group>"; };
		2645A41F2B739DF100DA45A8 /* AuthService.swift */ = {isa = PBXFileReference; fileEncoding = 4; lastKnownFileType = sourcecode.swift; path = AuthService.swift; sourceTree = "<group>"; };
		2645A4582B739E3500DA45A8 /* ImageUploader.swift */ = {isa = PBXFileReference; fileEncoding = 4; lastKnownFileType = sourcecode.swift; path = ImageUploader.swift; sourceTree = "<group>"; };
		2645A4592B739E3500DA45A8 /* UserService.swift */ = {isa = PBXFileReference; fileEncoding = 4; lastKnownFileType = sourcecode.swift; path = UserService.swift; sourceTree = "<group>"; };
		2645A45A2B739E3500DA45A8 /* EventService.swift */ = {isa = PBXFileReference; fileEncoding = 4; lastKnownFileType = sourcecode.swift; path = EventService.swift; sourceTree = "<group>"; };
		2645A45B2B739E3500DA45A8 /* PostService.swift */ = {isa = PBXFileReference; fileEncoding = 4; lastKnownFileType = sourcecode.swift; path = PostService.swift; sourceTree = "<group>"; };
		2645A4612B739E5A00DA45A8 /* VibeUser.swift */ = {isa = PBXFileReference; fileEncoding = 4; lastKnownFileType = sourcecode.swift; path = VibeUser.swift; sourceTree = "<group>"; };
		2645A4622B739E5A00DA45A8 /* Event.swift */ = {isa = PBXFileReference; fileEncoding = 4; lastKnownFileType = sourcecode.swift; path = Event.swift; sourceTree = "<group>"; };
		2645A4632B739E5A00DA45A8 /* Post.swift */ = {isa = PBXFileReference; fileEncoding = 4; lastKnownFileType = sourcecode.swift; path = Post.swift; sourceTree = "<group>"; };
		2645A4642B739E5A00DA45A8 /* BusinessPromotion.swift */ = {isa = PBXFileReference; fileEncoding = 4; lastKnownFileType = sourcecode.swift; path = BusinessPromotion.swift; sourceTree = "<group>"; };
		2645A4652B739E5A00DA45A8 /* BusinessUser.swift */ = {isa = PBXFileReference; fileEncoding = 4; lastKnownFileType = sourcecode.swift; path = BusinessUser.swift; sourceTree = "<group>"; };
		2645A46E2B739F0300DA45A8 /* Preview Assets.xcassets */ = {isa = PBXFileReference; lastKnownFileType = folder.assetcatalog; path = "Preview Assets.xcassets"; sourceTree = "<group>"; };
		2645A4702B739F1300DA45A8 /* Assets.xcassets */ = {isa = PBXFileReference; lastKnownFileType = folder.assetcatalog; name = Assets.xcassets; path = Vibe/Assets.xcassets; sourceTree = SOURCE_ROOT; };
		2645A4722B73A9BC00DA45A8 /* UserHomeView.swift */ = {isa = PBXFileReference; lastKnownFileType = sourcecode.swift; path = UserHomeView.swift; sourceTree = "<group>"; };
		2645A4742B77F91E00DA45A8 /* MapFieldView.swift */ = {isa = PBXFileReference; lastKnownFileType = sourcecode.swift; path = MapFieldView.swift; sourceTree = "<group>"; };
		26CA2E5D2B3B6CEA006DA2AC /* Vibe.app */ = {isa = PBXFileReference; explicitFileType = wrapper.application; includeInIndex = 0; path = Vibe.app; sourceTree = BUILT_PRODUCTS_DIR; };
		26CA2E602B3B6CEA006DA2AC /* VibeApp.swift */ = {isa = PBXFileReference; lastKnownFileType = sourcecode.swift; path = VibeApp.swift; sourceTree = "<group>"; };
		26CA2E6D2B3B6CED006DA2AC /* VibeTests.xctest */ = {isa = PBXFileReference; explicitFileType = wrapper.cfbundle; includeInIndex = 0; path = VibeTests.xctest; sourceTree = BUILT_PRODUCTS_DIR; };
		26CA2E712B3B6CED006DA2AC /* VibeTests.swift */ = {isa = PBXFileReference; lastKnownFileType = sourcecode.swift; path = VibeTests.swift; sourceTree = "<group>"; };
		26CA2E772B3B6CED006DA2AC /* VibeUITests.xctest */ = {isa = PBXFileReference; explicitFileType = wrapper.cfbundle; includeInIndex = 0; path = VibeUITests.xctest; sourceTree = BUILT_PRODUCTS_DIR; };
		26CA2E7B2B3B6CED006DA2AC /* VibeUITests.swift */ = {isa = PBXFileReference; lastKnownFileType = sourcecode.swift; path = VibeUITests.swift; sourceTree = "<group>"; };
		26CA2E7D2B3B6CED006DA2AC /* VibeUITestsLaunchTests.swift */ = {isa = PBXFileReference; lastKnownFileType = sourcecode.swift; path = VibeUITestsLaunchTests.swift; sourceTree = "<group>"; };
		26CA2E952B3B7A94006DA2AC /* InputView.swift */ = {isa = PBXFileReference; lastKnownFileType = sourcecode.swift; path = InputView.swift; sourceTree = "<group>"; };
		26CA2E9B2B3B8D99006DA2AC /* SettingsRowView.swift */ = {isa = PBXFileReference; lastKnownFileType = sourcecode.swift; path = SettingsRowView.swift; sourceTree = "<group>"; };
		26CA2E9F2B3BA3BC006DA2AC /* GoogleService-Info.plist */ = {isa = PBXFileReference; fileEncoding = 4; lastKnownFileType = text.plist.xml; path = "GoogleService-Info.plist"; sourceTree = "<group>"; };
/* End PBXFileReference section */

/* Begin PBXFrameworksBuildPhase section */
		26CA2E5A2B3B6CEA006DA2AC /* Frameworks */ = {
			isa = PBXFrameworksBuildPhase;
			buildActionMask = 2147483647;
			files = (
				26CA2EA92B3BA694006DA2AC /* FirebaseStorage in Frameworks */,
				26CA2EA52B3BA694006DA2AC /* FirebaseFirestore in Frameworks */,
				26CA2EA72B3BA694006DA2AC /* FirebaseFirestoreSwift in Frameworks */,
				26980B622B4B121F00FC4227 /* FirebaseAuth in Frameworks */,
				260BDE0B2B4C20A50077BCA9 /* Kingfisher in Frameworks */,
			);
			runOnlyForDeploymentPostprocessing = 0;
		};
		26CA2E6A2B3B6CED006DA2AC /* Frameworks */ = {
			isa = PBXFrameworksBuildPhase;
			buildActionMask = 2147483647;
			files = (
			);
			runOnlyForDeploymentPostprocessing = 0;
		};
		26CA2E742B3B6CED006DA2AC /* Frameworks */ = {
			isa = PBXFrameworksBuildPhase;
			buildActionMask = 2147483647;
			files = (
			);
			runOnlyForDeploymentPostprocessing = 0;
		};
/* End PBXFrameworksBuildPhase section */

/* Begin PBXGroup section */
		2645A3C12B739DF100DA45A8 /* Core */ = {
			isa = PBXGroup;
			children = (
				2645A3C22B739DF100DA45A8 /* TabBar */,
				2645A3C72B739DF100DA45A8 /* Utils */,
				2645A3C92B739DF100DA45A8 /* Search */,
				2645A3CE2B739DF100DA45A8 /* Components */,
				2645A3E92B739DF100DA45A8 /* Profile */,
				2645A3FC2B739DF100DA45A8 /* Feed */,
				2645A4082B739DF100DA45A8 /* Root */,
				2645A40D2B739DF100DA45A8 /* UploadPost */,
				2645A4132B739DF100DA45A8 /* Authentication */,
			);
			path = Core;
			sourceTree = "<group>";
		};
		2645A3C22B739DF100DA45A8 /* TabBar */ = {
			isa = PBXGroup;
			children = (
				2645A3C32B739DF100DA45A8 /* Business */,
				2645A3C52B739DF100DA45A8 /* User */,
			);
			path = TabBar;
			sourceTree = "<group>";
		};
		2645A3C32B739DF100DA45A8 /* Business */ = {
			isa = PBXGroup;
			children = (
				2645A3C42B739DF100DA45A8 /* BusinessProfileTabBarButton.swift */,
			);
			path = Business;
			sourceTree = "<group>";
		};
		2645A3C52B739DF100DA45A8 /* User */ = {
			isa = PBXGroup;
			children = (
				2645A3C62B739DF100DA45A8 /* MainTabView.swift */,
			);
			path = User;
			sourceTree = "<group>";
		};
		2645A3C72B739DF100DA45A8 /* Utils */ = {
			isa = PBXGroup;
			children = (
				2645A3C82B739DF100DA45A8 /* Constants.swift */,
			);
			path = Utils;
			sourceTree = "<group>";
		};
		2645A3C92B739DF100DA45A8 /* Search */ = {
			isa = PBXGroup;
			children = (
				2645A3CA2B739DF100DA45A8 /* ViewModel */,
				2645A3CC2B739DF100DA45A8 /* View */,
			);
			path = Search;
			sourceTree = "<group>";
		};
		2645A3CA2B739DF100DA45A8 /* ViewModel */ = {
			isa = PBXGroup;
			children = (
				2645A3CB2B739DF100DA45A8 /* SearchViewModel.swift */,
			);
			path = ViewModel;
			sourceTree = "<group>";
		};
		2645A3CC2B739DF100DA45A8 /* View */ = {
			isa = PBXGroup;
			children = (
				2645A3CD2B739DF100DA45A8 /* SearchView.swift */,
			);
			path = View;
			sourceTree = "<group>";
		};
		2645A3CE2B739DF100DA45A8 /* Components */ = {
			isa = PBXGroup;
			children = (
				2645A3CF2B739DF100DA45A8 /* ViewModel */,
				2645A3D62B739DF100DA45A8 /* View */,
			);
			path = Components;
			sourceTree = "<group>";
		};
		2645A3CF2B739DF100DA45A8 /* ViewModel */ = {
			isa = PBXGroup;
			children = (
				2645A3D02B739DF100DA45A8 /* User */,
				2645A3D22B739DF100DA45A8 /* EventViewModel */,
			);
			path = ViewModel;
			sourceTree = "<group>";
		};
		2645A3D02B739DF100DA45A8 /* User */ = {
			isa = PBXGroup;
			children = (
				2645A3D12B739DF100DA45A8 /* PostGridViewModel.swift */,
			);
			path = User;
			sourceTree = "<group>";
		};
		2645A3D22B739DF100DA45A8 /* EventViewModel */ = {
			isa = PBXGroup;
			children = (
				2645A3D32B739DF100DA45A8 /* EventViewModel.swift */,
				2645A3D42B739DF100DA45A8 /* EventLocationViewModel.swift */,
				2645A3D52B739DF100DA45A8 /* LocationSearchViewModel.swift */,
			);
			path = EventViewModel;
			sourceTree = "<group>";
		};
		2645A3D62B739DF100DA45A8 /* View */ = {
			isa = PBXGroup;
			children = (
				2645A3D72B739DF100DA45A8 /* Business */,
				2645A3D92B739DF100DA45A8 /* User */,
				2645A3DE2B739DF100DA45A8 /* Event */,
			);
			path = View;
			sourceTree = "<group>";
		};
		2645A3D72B739DF100DA45A8 /* Business */ = {
			isa = PBXGroup;
			children = (
				2645A3D82B739DF100DA45A8 /* BusinessPromotionGridView.swift */,
			);
			path = Business;
			sourceTree = "<group>";
		};
		2645A3D92B739DF100DA45A8 /* User */ = {
			isa = PBXGroup;
			children = (
				2645A3DA2B739DF100DA45A8 /* PostGridView.swift */,
				2645A3DB2B739DF100DA45A8 /* CircularProfileImageView.swift */,
				2645A3DC2B739DF100DA45A8 /* UserStatsView.swift */,
				2645A3DD2B739DF100DA45A8 /* TextFieldModifier.swift */,
			);
			path = User;
			sourceTree = "<group>";
		};
		2645A3DE2B739DF100DA45A8 /* Event */ = {
			isa = PBXGroup;
			children = (
				2645A3DF2B739DF100DA45A8 /* MyEventsView.swift */,
				2645A3E02B739DF100DA45A8 /* JoinView.swift */,
				2645A3E12B739DF100DA45A8 /* MapViewActionButton.swift */,
				2645A3E22B739DF100DA45A8 /* LocationSearchView.swift */,
				2645A3E32B739DF100DA45A8 /* AddEventView.swift */,
				2645A3E42B739DF100DA45A8 /* LocationSearchResultCell.swift */,
				2645A3E52B739DF100DA45A8 /* EventLocationPickerView.swift */,
				2645A3E62B739DF100DA45A8 /* EventViewRepresentable.swift */,
				2645A3E72B739DF100DA45A8 /* EventLocationView.swift */,
				2645A3E82B739DF100DA45A8 /* EventsNearMeView.swift */,
			);
			path = Event;
			sourceTree = "<group>";
		};
		2645A3E92B739DF100DA45A8 /* Profile */ = {
			isa = PBXGroup;
			children = (
				2645A3EA2B739DF100DA45A8 /* ViewModel */,
				2645A3EF2B739DF100DA45A8 /* View */,
			);
			path = Profile;
			sourceTree = "<group>";
		};
		2645A3EA2B739DF100DA45A8 /* ViewModel */ = {
			isa = PBXGroup;
			children = (
				2645A3EB2B739DF100DA45A8 /* BusinessPromotion */,
				2645A3ED2B739DF100DA45A8 /* UserProfileViewModel */,
			);
			path = ViewModel;
			sourceTree = "<group>";
		};
		2645A3EB2B739DF100DA45A8 /* BusinessPromotion */ = {
			isa = PBXGroup;
			children = (
				2645A3EC2B739DF100DA45A8 /* AddBusinessPromotionViewModel.swift */,
			);
			path = BusinessPromotion;
			sourceTree = "<group>";
		};
		2645A3ED2B739DF100DA45A8 /* UserProfileViewModel */ = {
			isa = PBXGroup;
			children = (
				2645A3EE2B739DF100DA45A8 /* EditProfileViewModel.swift */,
			);
			path = UserProfileViewModel;
			sourceTree = "<group>";
		};
		2645A3EF2B739DF100DA45A8 /* View */ = {
			isa = PBXGroup;
			children = (
				2645A3F02B739DF100DA45A8 /* BusinessProfile */,
				2645A3F72B739DF100DA45A8 /* UserProfile */,
			);
			path = View;
			sourceTree = "<group>";
		};
		2645A3F02B739DF100DA45A8 /* BusinessProfile */ = {
			isa = PBXGroup;
			children = (
				2645A3F12B739DF100DA45A8 /* BusinessPromotionsView.swift */,
				2645A3F22B739DF100DA45A8 /* AddBusinessPromotionView.swift */,
				2645A3F32B739DF100DA45A8 /* PastBusinessPromotionsView.swift */,
				2645A3F42B739DF100DA45A8 /* BusinessProfileHeaderView.swift */,
				2645A3F52B739DF100DA45A8 /* BusinessProfileView.swift */,
				2645A3F62B739DF100DA45A8 /* PromotionsNearUserView.swift */,
			);
			path = BusinessProfile;
			sourceTree = "<group>";
		};
		2645A3F72B739DF100DA45A8 /* UserProfile */ = {
			isa = PBXGroup;
			children = (
				2645A3F82B739DF100DA45A8 /* CurrentUserProfileView.swift */,
				2645A3F92B739DF100DA45A8 /* EditProfileView.swift */,
				2645A3FA2B739DF100DA45A8 /* ProfileView.swift */,
				2645A3FB2B739DF100DA45A8 /* ProfileHeaderView.swift */,
			);
			path = UserProfile;
			sourceTree = "<group>";
		};
		2645A3FC2B739DF100DA45A8 /* Feed */ = {
			isa = PBXGroup;
			children = (
				2645A3FD2B739DF100DA45A8 /* ViewModel */,
				2645A4022B739DF100DA45A8 /* View */,
			);
			path = Feed;
			sourceTree = "<group>";
		};
		2645A3FD2B739DF100DA45A8 /* ViewModel */ = {
			isa = PBXGroup;
			children = (
				2645A3FE2B739DF100DA45A8 /* User */,
				2645A4002B739DF100DA45A8 /* BusinessPromotion */,
			);
			path = ViewModel;
			sourceTree = "<group>";
		};
		2645A3FE2B739DF100DA45A8 /* User */ = {
			isa = PBXGroup;
			children = (
				2645A3FF2B739DF100DA45A8 /* FeedViewModel.swift */,
			);
			path = User;
			sourceTree = "<group>";
		};
		2645A4002B739DF100DA45A8 /* BusinessPromotion */ = {
			isa = PBXGroup;
			children = (
				2645A4012B739DF100DA45A8 /* BusinessPromotionViewModel.swift */,
			);
			path = BusinessPromotion;
			sourceTree = "<group>";
		};
		2645A4022B739DF100DA45A8 /* View */ = {
			isa = PBXGroup;
			children = (
				2645A4032B739DF100DA45A8 /* Business */,
				2645A4052B739DF100DA45A8 /* User */,
			);
			path = View;
			sourceTree = "<group>";
		};
		2645A4032B739DF100DA45A8 /* Business */ = {
			isa = PBXGroup;
			children = (
				2645A4042B739DF100DA45A8 /* BusinessPromotionCell.swift */,
			);
			path = Business;
			sourceTree = "<group>";
		};
		2645A4052B739DF100DA45A8 /* User */ = {
			isa = PBXGroup;
			children = (
				2645A4062B739DF100DA45A8 /* FeedView.swift */,
				2645A4072B739DF100DA45A8 /* FeedCell.swift */,
				2645A4722B73A9BC00DA45A8 /* UserHomeView.swift */,
				2645A4742B77F91E00DA45A8 /* MapFieldView.swift */,
			);
			path = User;
			sourceTree = "<group>";
		};
		2645A4082B739DF100DA45A8 /* Root */ = {
			isa = PBXGroup;
			children = (
				2645A4092B739DF100DA45A8 /* ViewModel */,
				2645A40B2B739DF100DA45A8 /* View */,
			);
			path = Root;
			sourceTree = "<group>";
		};
		2645A4092B739DF100DA45A8 /* ViewModel */ = {
			isa = PBXGroup;
			children = (
				2645A40A2B739DF100DA45A8 /* ContentViewModel.swift */,
			);
			path = ViewModel;
			sourceTree = "<group>";
		};
		2645A40B2B739DF100DA45A8 /* View */ = {
			isa = PBXGroup;
			children = (
				2645A40C2B739DF100DA45A8 /* ContentView.swift */,
			);
			path = View;
			sourceTree = "<group>";
		};
		2645A40D2B739DF100DA45A8 /* UploadPost */ = {
			isa = PBXGroup;
			children = (
				2645A40F2B739DF100DA45A8 /* ViewModel */,
				2645A4112B739DF100DA45A8 /* View */,
			);
			path = UploadPost;
			sourceTree = "<group>";
		};
		2645A40F2B739DF100DA45A8 /* ViewModel */ = {
			isa = PBXGroup;
			children = (
				2645A4102B739DF100DA45A8 /* UploadPostViewModel.swift */,
			);
			path = ViewModel;
			sourceTree = "<group>";
		};
		2645A4112B739DF100DA45A8 /* View */ = {
			isa = PBXGroup;
			children = (
				2645A4122B739DF100DA45A8 /* UploadPostView.swift */,
			);
			path = View;
			sourceTree = "<group>";
		};
		2645A4132B739DF100DA45A8 /* Authentication */ = {
			isa = PBXGroup;
			children = (
				2645A4142B739DF100DA45A8 /* ViewModel */,
				2645A4172B739DF100DA45A8 /* View */,
				2645A41E2B739DF100DA45A8 /* Service */,
			);
			path = Authentication;
			sourceTree = "<group>";
		};
		2645A4142B739DF100DA45A8 /* ViewModel */ = {
			isa = PBXGroup;
			children = (
				2645A4152B739DF100DA45A8 /* LoginViewModel.swift */,
				2645A4162B739DF100DA45A8 /* RegistrationViewModel.swift */,
			);
			path = ViewModel;
			sourceTree = "<group>";
		};
		2645A4172B739DF100DA45A8 /* View */ = {
			isa = PBXGroup;
			children = (
				2645A4182B739DF100DA45A8 /* BusinessAccountSignUpView.swift */,
				2645A4192B739DF100DA45A8 /* CreatePasswordView.swift */,
				2645A41A2B739DF100DA45A8 /* CompleteSignUpView.swift */,
				2645A41B2B739DF100DA45A8 /* CreateUsernameView.swift */,
				2645A41C2B739DF100DA45A8 /* LoginView.swift */,
				2645A41D2B739DF100DA45A8 /* AddEmailView.swift */,
			);
			path = View;
			sourceTree = "<group>";
		};
		2645A41E2B739DF100DA45A8 /* Service */ = {
			isa = PBXGroup;
			children = (
				2645A41F2B739DF100DA45A8 /* AuthService.swift */,
			);
			path = Service;
			sourceTree = "<group>";
		};
		2645A4572B739E3500DA45A8 /* Service */ = {
			isa = PBXGroup;
			children = (
				2645A4582B739E3500DA45A8 /* ImageUploader.swift */,
				2645A4592B739E3500DA45A8 /* UserService.swift */,
				2645A45A2B739E3500DA45A8 /* EventService.swift */,
				2645A45B2B739E3500DA45A8 /* PostService.swift */,
			);
			path = Service;
			sourceTree = "<group>";
		};
		2645A4602B739E5A00DA45A8 /* Model */ = {
			isa = PBXGroup;
			children = (
				2645A4612B739E5A00DA45A8 /* VibeUser.swift */,
				2645A4622B739E5A00DA45A8 /* Event.swift */,
				2645A4632B739E5A00DA45A8 /* Post.swift */,
				2645A4642B739E5A00DA45A8 /* BusinessPromotion.swift */,
				2645A4652B739E5A00DA45A8 /* BusinessUser.swift */,
			);
			path = Model;
			sourceTree = "<group>";
		};
		2645A46D2B739F0300DA45A8 /* Preview Content */ = {
			isa = PBXGroup;
			children = (
				2645A46E2B739F0300DA45A8 /* Preview Assets.xcassets */,
			);
			path = "Preview Content";
			sourceTree = "<group>";
		};
		26980B602B4B11D800FC4227 /* Frameworks */ = {
			isa = PBXGroup;
			children = (
			);
			name = Frameworks;
			sourceTree = "<group>";
		};
		26CA2E542B3B6CEA006DA2AC = {
			isa = PBXGroup;
			children = (
				26CA2E5F2B3B6CEA006DA2AC /* Vibe */,
				26CA2E702B3B6CED006DA2AC /* VibeTests */,
				26CA2E7A2B3B6CED006DA2AC /* VibeUITests */,
				26CA2E5E2B3B6CEA006DA2AC /* Products */,
				26980B602B4B11D800FC4227 /* Frameworks */,
			);
			sourceTree = "<group>";
		};
		26CA2E5E2B3B6CEA006DA2AC /* Products */ = {
			isa = PBXGroup;
			children = (
				26CA2E5D2B3B6CEA006DA2AC /* Vibe.app */,
				26CA2E6D2B3B6CED006DA2AC /* VibeTests.xctest */,
				26CA2E772B3B6CED006DA2AC /* VibeUITests.xctest */,
			);
			name = Products;
			sourceTree = "<group>";
		};
		26CA2E5F2B3B6CEA006DA2AC /* Vibe */ = {
			isa = PBXGroup;
			children = (
				26CA2E8F2B3B76BE006DA2AC /* App */,
				2645A4702B739F1300DA45A8 /* Assets.xcassets */,
				26CA2E8E2B3B76BD006DA2AC /* Components */,
				2645A3C12B739DF100DA45A8 /* Core */,
				2645A4602B739E5A00DA45A8 /* Model */,
				2645A4572B739E3500DA45A8 /* Service */,
				26CA2E9F2B3BA3BC006DA2AC /* GoogleService-Info.plist */,
				2645A46D2B739F0300DA45A8 /* Preview Content */,
			);
			path = Vibe;
			sourceTree = "<group>";
		};
		26CA2E702B3B6CED006DA2AC /* VibeTests */ = {
			isa = PBXGroup;
			children = (
				26CA2E712B3B6CED006DA2AC /* VibeTests.swift */,
			);
			path = VibeTests;
			sourceTree = "<group>";
		};
		26CA2E7A2B3B6CED006DA2AC /* VibeUITests */ = {
			isa = PBXGroup;
			children = (
				26CA2E7B2B3B6CED006DA2AC /* VibeUITests.swift */,
				26CA2E7D2B3B6CED006DA2AC /* VibeUITestsLaunchTests.swift */,
			);
			path = VibeUITests;
			sourceTree = "<group>";
		};
		26CA2E8E2B3B76BD006DA2AC /* Components */ = {
			isa = PBXGroup;
			children = (
				26CA2E952B3B7A94006DA2AC /* InputView.swift */,
				26CA2E9B2B3B8D99006DA2AC /* SettingsRowView.swift */,
			);
			path = Components;
			sourceTree = "<group>";
		};
		26CA2E8F2B3B76BE006DA2AC /* App */ = {
			isa = PBXGroup;
			children = (
				26CA2E602B3B6CEA006DA2AC /* VibeApp.swift */,
			);
			path = App;
			sourceTree = "<group>";
		};
/* End PBXGroup section */

/* Begin PBXNativeTarget section */
		26CA2E5C2B3B6CEA006DA2AC /* Vibe */ = {
			isa = PBXNativeTarget;
			buildConfigurationList = 26CA2E812B3B6CED006DA2AC /* Build configuration list for PBXNativeTarget "Vibe" */;
			buildPhases = (
				26CA2E592B3B6CEA006DA2AC /* Sources */,
				26CA2E5A2B3B6CEA006DA2AC /* Frameworks */,
				26CA2E5B2B3B6CEA006DA2AC /* Resources */,
			);
			buildRules = (
			);
			dependencies = (
			);
			name = Vibe;
			packageProductDependencies = (
				26CA2EA42B3BA694006DA2AC /* FirebaseFirestore */,
				26CA2EA62B3BA694006DA2AC /* FirebaseFirestoreSwift */,
				26CA2EA82B3BA694006DA2AC /* FirebaseStorage */,
				26980B612B4B121F00FC4227 /* FirebaseAuth */,
				260BDE0A2B4C20A50077BCA9 /* Kingfisher */,
			);
			productName = Vibe;
			productReference = 26CA2E5D2B3B6CEA006DA2AC /* Vibe.app */;
			productType = "com.apple.product-type.application";
		};
		26CA2E6C2B3B6CED006DA2AC /* VibeTests */ = {
			isa = PBXNativeTarget;
			buildConfigurationList = 26CA2E842B3B6CED006DA2AC /* Build configuration list for PBXNativeTarget "VibeTests" */;
			buildPhases = (
				26CA2E692B3B6CED006DA2AC /* Sources */,
				26CA2E6A2B3B6CED006DA2AC /* Frameworks */,
				26CA2E6B2B3B6CED006DA2AC /* Resources */,
			);
			buildRules = (
			);
			dependencies = (
				26CA2E6F2B3B6CED006DA2AC /* PBXTargetDependency */,
			);
			name = VibeTests;
			productName = VibeTests;
			productReference = 26CA2E6D2B3B6CED006DA2AC /* VibeTests.xctest */;
			productType = "com.apple.product-type.bundle.unit-test";
		};
		26CA2E762B3B6CED006DA2AC /* VibeUITests */ = {
			isa = PBXNativeTarget;
			buildConfigurationList = 26CA2E872B3B6CED006DA2AC /* Build configuration list for PBXNativeTarget "VibeUITests" */;
			buildPhases = (
				26CA2E732B3B6CED006DA2AC /* Sources */,
				26CA2E742B3B6CED006DA2AC /* Frameworks */,
				26CA2E752B3B6CED006DA2AC /* Resources */,
			);
			buildRules = (
			);
			dependencies = (
				26CA2E792B3B6CED006DA2AC /* PBXTargetDependency */,
			);
			name = VibeUITests;
			productName = VibeUITests;
			productReference = 26CA2E772B3B6CED006DA2AC /* VibeUITests.xctest */;
			productType = "com.apple.product-type.bundle.ui-testing";
		};
/* End PBXNativeTarget section */

/* Begin PBXProject section */
		26CA2E552B3B6CEA006DA2AC /* Project object */ = {
			isa = PBXProject;
			attributes = {
				BuildIndependentTargetsInParallel = 1;
				LastSwiftUpdateCheck = 1510;
				LastUpgradeCheck = 1510;
				TargetAttributes = {
					26CA2E5C2B3B6CEA006DA2AC = {
						CreatedOnToolsVersion = 15.1;
					};
					26CA2E6C2B3B6CED006DA2AC = {
						CreatedOnToolsVersion = 15.1;
						TestTargetID = 26CA2E5C2B3B6CEA006DA2AC;
					};
					26CA2E762B3B6CED006DA2AC = {
						CreatedOnToolsVersion = 15.1;
						TestTargetID = 26CA2E5C2B3B6CEA006DA2AC;
					};
				};
			};
			buildConfigurationList = 26CA2E582B3B6CEA006DA2AC /* Build configuration list for PBXProject "Vibe" */;
			compatibilityVersion = "Xcode 14.0";
			developmentRegion = en;
			hasScannedForEncodings = 0;
			knownRegions = (
				en,
				Base,
			);
			mainGroup = 26CA2E542B3B6CEA006DA2AC;
			packageReferences = (
				26CA2EA12B3BA694006DA2AC /* XCRemoteSwiftPackageReference "firebase-ios-sdk" */,
				260BDE092B4C20A50077BCA9 /* XCRemoteSwiftPackageReference "Kingfisher" */,
			);
			productRefGroup = 26CA2E5E2B3B6CEA006DA2AC /* Products */;
			projectDirPath = "";
			projectRoot = "";
			targets = (
				26CA2E5C2B3B6CEA006DA2AC /* Vibe */,
				26CA2E6C2B3B6CED006DA2AC /* VibeTests */,
				26CA2E762B3B6CED006DA2AC /* VibeUITests */,
			);
		};
/* End PBXProject section */

/* Begin PBXResourcesBuildPhase section */
		26CA2E5B2B3B6CEA006DA2AC /* Resources */ = {
			isa = PBXResourcesBuildPhase;
			buildActionMask = 2147483647;
			files = (
				2645A46F2B739F0300DA45A8 /* Preview Assets.xcassets in Resources */,
				2645A4712B739F1300DA45A8 /* Assets.xcassets in Resources */,
				26CA2EA02B3BA3BC006DA2AC /* GoogleService-Info.plist in Resources */,
			);
			runOnlyForDeploymentPostprocessing = 0;
		};
		26CA2E6B2B3B6CED006DA2AC /* Resources */ = {
			isa = PBXResourcesBuildPhase;
			buildActionMask = 2147483647;
			files = (
			);
			runOnlyForDeploymentPostprocessing = 0;
		};
		26CA2E752B3B6CED006DA2AC /* Resources */ = {
			isa = PBXResourcesBuildPhase;
			buildActionMask = 2147483647;
			files = (
			);
			runOnlyForDeploymentPostprocessing = 0;
		};
/* End PBXResourcesBuildPhase section */

/* Begin PBXSourcesBuildPhase section */
		26CA2E592B3B6CEA006DA2AC /* Sources */ = {
			isa = PBXSourcesBuildPhase;
			buildActionMask = 2147483647;
			files = (
				2645A45E2B739E3500DA45A8 /* EventService.swift in Sources */,
				2645A4472B739DF200DA45A8 /* FeedView.swift in Sources */,
				2645A43B2B739DF200DA45A8 /* AddBusinessPromotionView.swift in Sources */,
				2645A4682B739E5A00DA45A8 /* Post.swift in Sources */,
				26CA2E962B3B7A94006DA2AC /* InputView.swift in Sources */,
				2645A4202B739DF100DA45A8 /* BusinessProfileTabBarButton.swift in Sources */,
				26CA2E612B3B6CEA006DA2AC /* VibeApp.swift in Sources */,
				2645A4532B739DF200DA45A8 /* CreateUsernameView.swift in Sources */,
				2645A4442B739DF200DA45A8 /* FeedViewModel.swift in Sources */,
				2645A45F2B739E3500DA45A8 /* PostService.swift in Sources */,
				2645A4272B739DF100DA45A8 /* EventLocationViewModel.swift in Sources */,
				2645A4382B739DF100DA45A8 /* AddBusinessPromotionViewModel.swift in Sources */,
				2645A44A2B739DF200DA45A8 /* ContentView.swift in Sources */,
				2645A4232B739DF100DA45A8 /* SearchViewModel.swift in Sources */,
				2645A4732B73A9BC00DA45A8 /* UserHomeView.swift in Sources */,
				2645A46A2B739E5A00DA45A8 /* BusinessUser.swift in Sources */,
				2645A4312B739DF100DA45A8 /* LocationSearchView.swift in Sources */,
				2645A4562B739DF200DA45A8 /* AuthService.swift in Sources */,
				2645A4362B739DF100DA45A8 /* EventLocationView.swift in Sources */,
				2645A42B2B739DF100DA45A8 /* CircularProfileImageView.swift in Sources */,
				2645A4512B739DF200DA45A8 /* CreatePasswordView.swift in Sources */,
				2645A43E2B739DF200DA45A8 /* BusinessProfileView.swift in Sources */,
				2645A4292B739DF100DA45A8 /* BusinessPromotionGridView.swift in Sources */,
				2645A4342B739DF100DA45A8 /* EventLocationPickerView.swift in Sources */,
				2645A42A2B739DF100DA45A8 /* PostGridView.swift in Sources */,
				2645A4542B739DF200DA45A8 /* LoginView.swift in Sources */,
				2645A44E2B739DF200DA45A8 /* LoginViewModel.swift in Sources */,
				2645A4552B739DF200DA45A8 /* AddEmailView.swift in Sources */,
				2645A4212B739DF100DA45A8 /* MainTabView.swift in Sources */,
				2645A44F2B739DF200DA45A8 /* RegistrationViewModel.swift in Sources */,
				2645A4402B739DF200DA45A8 /* CurrentUserProfileView.swift in Sources */,
				2645A4522B739DF200DA45A8 /* CompleteSignUpView.swift in Sources */,
				2645A4492B739DF200DA45A8 /* ContentViewModel.swift in Sources */,
				2645A4302B739DF100DA45A8 /* MapViewActionButton.swift in Sources */,
				2645A4502B739DF200DA45A8 /* BusinessAccountSignUpView.swift in Sources */,
				2645A4482B739DF200DA45A8 /* FeedCell.swift in Sources */,
				2645A4692B739E5A00DA45A8 /* BusinessPromotion.swift in Sources */,
				2645A4422B739DF200DA45A8 /* ProfileView.swift in Sources */,
				2645A4282B739DF100DA45A8 /* LocationSearchViewModel.swift in Sources */,
				2645A4432B739DF200DA45A8 /* ProfileHeaderView.swift in Sources */,
				2645A44C2B739DF200DA45A8 /* UploadPostViewModel.swift in Sources */,
				2645A45C2B739E3500DA45A8 /* ImageUploader.swift in Sources */,
				2645A4322B739DF100DA45A8 /* AddEventView.swift in Sources */,
				2645A4672B739E5A00DA45A8 /* Event.swift in Sources */,
				2645A4412B739DF200DA45A8 /* EditProfileView.swift in Sources */,
				2645A4332B739DF100DA45A8 /* LocationSearchResultCell.swift in Sources */,
				26CA2E9C2B3B8D99006DA2AC /* SettingsRowView.swift in Sources */,
				2645A42C2B739DF100DA45A8 /* UserStatsView.swift in Sources */,
				2645A44D2B739DF200DA45A8 /* UploadPostView.swift in Sources */,
				2645A43C2B739DF200DA45A8 /* PastBusinessPromotionsView.swift in Sources */,
				2645A4252B739DF100DA45A8 /* PostGridViewModel.swift in Sources */,
				2645A43F2B739DF200DA45A8 /* PromotionsNearUserView.swift in Sources */,
				2645A42D2B739DF100DA45A8 /* TextFieldModifier.swift in Sources */,
				2645A4372B739DF100DA45A8 /* EventsNearMeView.swift in Sources */,
				2645A4752B77F91E00DA45A8 /* MapFieldView.swift in Sources */,
				2645A43D2B739DF200DA45A8 /* BusinessProfileHeaderView.swift in Sources */,
				2645A4242B739DF100DA45A8 /* SearchView.swift in Sources */,
				2645A4452B739DF200DA45A8 /* BusinessPromotionViewModel.swift in Sources */,
				2645A42E2B739DF100DA45A8 /* MyEventsView.swift in Sources */,
				2645A4662B739E5A00DA45A8 /* VibeUser.swift in Sources */,
				2645A4352B739DF100DA45A8 /* EventViewRepresentable.swift in Sources */,
				2645A4462B739DF200DA45A8 /* BusinessPromotionCell.swift in Sources */,
				2645A45D2B739E3500DA45A8 /* UserService.swift in Sources */,
				2645A4262B739DF100DA45A8 /* EventViewModel.swift in Sources */,
				2645A43A2B739DF200DA45A8 /* BusinessPromotionsView.swift in Sources */,
				2645A4392B739DF200DA45A8 /* EditProfileViewModel.swift in Sources */,
				2645A42F2B739DF100DA45A8 /* JoinView.swift in Sources */,
				2645A4222B739DF100DA45A8 /* Constants.swift in Sources */,
			);
			runOnlyForDeploymentPostprocessing = 0;
		};
		26CA2E692B3B6CED006DA2AC /* Sources */ = {
			isa = PBXSourcesBuildPhase;
			buildActionMask = 2147483647;
			files = (
				26CA2E722B3B6CED006DA2AC /* VibeTests.swift in Sources */,
			);
			runOnlyForDeploymentPostprocessing = 0;
		};
		26CA2E732B3B6CED006DA2AC /* Sources */ = {
			isa = PBXSourcesBuildPhase;
			buildActionMask = 2147483647;
			files = (
				26CA2E7E2B3B6CED006DA2AC /* VibeUITestsLaunchTests.swift in Sources */,
				26CA2E7C2B3B6CED006DA2AC /* VibeUITests.swift in Sources */,
			);
			runOnlyForDeploymentPostprocessing = 0;
		};
/* End PBXSourcesBuildPhase section */

/* Begin PBXTargetDependency section */
		26CA2E6F2B3B6CED006DA2AC /* PBXTargetDependency */ = {
			isa = PBXTargetDependency;
			target = 26CA2E5C2B3B6CEA006DA2AC /* Vibe */;
			targetProxy = 26CA2E6E2B3B6CED006DA2AC /* PBXContainerItemProxy */;
		};
		26CA2E792B3B6CED006DA2AC /* PBXTargetDependency */ = {
			isa = PBXTargetDependency;
			target = 26CA2E5C2B3B6CEA006DA2AC /* Vibe */;
			targetProxy = 26CA2E782B3B6CED006DA2AC /* PBXContainerItemProxy */;
		};
/* End PBXTargetDependency section */

/* Begin XCBuildConfiguration section */
		26CA2E7F2B3B6CED006DA2AC /* Debug */ = {
			isa = XCBuildConfiguration;
			buildSettings = {
				ALWAYS_SEARCH_USER_PATHS = NO;
				ASSETCATALOG_COMPILER_GENERATE_SWIFT_ASSET_SYMBOL_EXTENSIONS = YES;
				CLANG_ANALYZER_NONNULL = YES;
				CLANG_ANALYZER_NUMBER_OBJECT_CONVERSION = YES_AGGRESSIVE;
				CLANG_CXX_LANGUAGE_STANDARD = "gnu++20";
				CLANG_ENABLE_MODULES = YES;
				CLANG_ENABLE_OBJC_ARC = YES;
				CLANG_ENABLE_OBJC_WEAK = YES;
				CLANG_WARN_BLOCK_CAPTURE_AUTORELEASING = YES;
				CLANG_WARN_BOOL_CONVERSION = YES;
				CLANG_WARN_COMMA = YES;
				CLANG_WARN_CONSTANT_CONVERSION = YES;
				CLANG_WARN_DEPRECATED_OBJC_IMPLEMENTATIONS = YES;
				CLANG_WARN_DIRECT_OBJC_ISA_USAGE = YES_ERROR;
				CLANG_WARN_DOCUMENTATION_COMMENTS = YES;
				CLANG_WARN_EMPTY_BODY = YES;
				CLANG_WARN_ENUM_CONVERSION = YES;
				CLANG_WARN_INFINITE_RECURSION = YES;
				CLANG_WARN_INT_CONVERSION = YES;
				CLANG_WARN_NON_LITERAL_NULL_CONVERSION = YES;
				CLANG_WARN_OBJC_IMPLICIT_RETAIN_SELF = YES;
				CLANG_WARN_OBJC_LITERAL_CONVERSION = YES;
				CLANG_WARN_OBJC_ROOT_CLASS = YES_ERROR;
				CLANG_WARN_QUOTED_INCLUDE_IN_FRAMEWORK_HEADER = YES;
				CLANG_WARN_RANGE_LOOP_ANALYSIS = YES;
				CLANG_WARN_STRICT_PROTOTYPES = YES;
				CLANG_WARN_SUSPICIOUS_MOVE = YES;
				CLANG_WARN_UNGUARDED_AVAILABILITY = YES_AGGRESSIVE;
				CLANG_WARN_UNREACHABLE_CODE = YES;
				CLANG_WARN__DUPLICATE_METHOD_MATCH = YES;
				COPY_PHASE_STRIP = NO;
				DEBUG_INFORMATION_FORMAT = dwarf;
				ENABLE_STRICT_OBJC_MSGSEND = YES;
				ENABLE_TESTABILITY = YES;
				ENABLE_USER_SCRIPT_SANDBOXING = YES;
				GCC_C_LANGUAGE_STANDARD = gnu17;
				GCC_DYNAMIC_NO_PIC = NO;
				GCC_NO_COMMON_BLOCKS = YES;
				GCC_OPTIMIZATION_LEVEL = 0;
				GCC_PREPROCESSOR_DEFINITIONS = (
					"DEBUG=1",
					"$(inherited)",
				);
				GCC_WARN_64_TO_32_BIT_CONVERSION = YES;
				GCC_WARN_ABOUT_RETURN_TYPE = YES_ERROR;
				GCC_WARN_UNDECLARED_SELECTOR = YES;
				GCC_WARN_UNINITIALIZED_AUTOS = YES_AGGRESSIVE;
				GCC_WARN_UNUSED_FUNCTION = YES;
				GCC_WARN_UNUSED_VARIABLE = YES;
				IPHONEOS_DEPLOYMENT_TARGET = 17.2;
				LOCALIZATION_PREFERS_STRING_CATALOGS = YES;
				MTL_ENABLE_DEBUG_INFO = INCLUDE_SOURCE;
				MTL_FAST_MATH = YES;
				ONLY_ACTIVE_ARCH = YES;
				SDKROOT = iphoneos;
				SWIFT_ACTIVE_COMPILATION_CONDITIONS = "DEBUG $(inherited)";
				SWIFT_OPTIMIZATION_LEVEL = "-Onone";
			};
			name = Debug;
		};
		26CA2E802B3B6CED006DA2AC /* Release */ = {
			isa = XCBuildConfiguration;
			buildSettings = {
				ALWAYS_SEARCH_USER_PATHS = NO;
				ASSETCATALOG_COMPILER_GENERATE_SWIFT_ASSET_SYMBOL_EXTENSIONS = YES;
				CLANG_ANALYZER_NONNULL = YES;
				CLANG_ANALYZER_NUMBER_OBJECT_CONVERSION = YES_AGGRESSIVE;
				CLANG_CXX_LANGUAGE_STANDARD = "gnu++20";
				CLANG_ENABLE_MODULES = YES;
				CLANG_ENABLE_OBJC_ARC = YES;
				CLANG_ENABLE_OBJC_WEAK = YES;
				CLANG_WARN_BLOCK_CAPTURE_AUTORELEASING = YES;
				CLANG_WARN_BOOL_CONVERSION = YES;
				CLANG_WARN_COMMA = YES;
				CLANG_WARN_CONSTANT_CONVERSION = YES;
				CLANG_WARN_DEPRECATED_OBJC_IMPLEMENTATIONS = YES;
				CLANG_WARN_DIRECT_OBJC_ISA_USAGE = YES_ERROR;
				CLANG_WARN_DOCUMENTATION_COMMENTS = YES;
				CLANG_WARN_EMPTY_BODY = YES;
				CLANG_WARN_ENUM_CONVERSION = YES;
				CLANG_WARN_INFINITE_RECURSION = YES;
				CLANG_WARN_INT_CONVERSION = YES;
				CLANG_WARN_NON_LITERAL_NULL_CONVERSION = YES;
				CLANG_WARN_OBJC_IMPLICIT_RETAIN_SELF = YES;
				CLANG_WARN_OBJC_LITERAL_CONVERSION = YES;
				CLANG_WARN_OBJC_ROOT_CLASS = YES_ERROR;
				CLANG_WARN_QUOTED_INCLUDE_IN_FRAMEWORK_HEADER = YES;
				CLANG_WARN_RANGE_LOOP_ANALYSIS = YES;
				CLANG_WARN_STRICT_PROTOTYPES = YES;
				CLANG_WARN_SUSPICIOUS_MOVE = YES;
				CLANG_WARN_UNGUARDED_AVAILABILITY = YES_AGGRESSIVE;
				CLANG_WARN_UNREACHABLE_CODE = YES;
				CLANG_WARN__DUPLICATE_METHOD_MATCH = YES;
				COPY_PHASE_STRIP = NO;
				DEBUG_INFORMATION_FORMAT = "dwarf-with-dsym";
				ENABLE_NS_ASSERTIONS = NO;
				ENABLE_STRICT_OBJC_MSGSEND = YES;
				ENABLE_USER_SCRIPT_SANDBOXING = YES;
				GCC_C_LANGUAGE_STANDARD = gnu17;
				GCC_NO_COMMON_BLOCKS = YES;
				GCC_WARN_64_TO_32_BIT_CONVERSION = YES;
				GCC_WARN_ABOUT_RETURN_TYPE = YES_ERROR;
				GCC_WARN_UNDECLARED_SELECTOR = YES;
				GCC_WARN_UNINITIALIZED_AUTOS = YES_AGGRESSIVE;
				GCC_WARN_UNUSED_FUNCTION = YES;
				GCC_WARN_UNUSED_VARIABLE = YES;
				IPHONEOS_DEPLOYMENT_TARGET = 17.2;
				LOCALIZATION_PREFERS_STRING_CATALOGS = YES;
				MTL_ENABLE_DEBUG_INFO = NO;
				MTL_FAST_MATH = YES;
				SDKROOT = iphoneos;
				SWIFT_COMPILATION_MODE = wholemodule;
				VALIDATE_PRODUCT = YES;
			};
			name = Release;
		};
		26CA2E822B3B6CED006DA2AC /* Debug */ = {
			isa = XCBuildConfiguration;
			buildSettings = {
				ASSETCATALOG_COMPILER_APPICON_NAME = AppIcon;
				ASSETCATALOG_COMPILER_GLOBAL_ACCENT_COLOR_NAME = AccentColor;
				CODE_SIGN_STYLE = Automatic;
				CURRENT_PROJECT_VERSION = 1;
				DEVELOPMENT_ASSET_PATHS = "\"Vibe/Preview Content\"";
				DEVELOPMENT_TEAM = A9F5ZF5473;
				ENABLE_PREVIEWS = YES;
				GENERATE_INFOPLIST_FILE = YES;
				INFOPLIST_KEY_NSLocationWhenInUseUsageDescription = "Needs Location to get events near you.";
				INFOPLIST_KEY_UIApplicationSceneManifest_Generation = YES;
				INFOPLIST_KEY_UIApplicationSupportsIndirectInputEvents = YES;
				INFOPLIST_KEY_UILaunchScreen_Generation = YES;
				INFOPLIST_KEY_UISupportedInterfaceOrientations_iPad = "UIInterfaceOrientationPortrait UIInterfaceOrientationPortraitUpsideDown UIInterfaceOrientationLandscapeLeft UIInterfaceOrientationLandscapeRight";
				INFOPLIST_KEY_UISupportedInterfaceOrientations_iPhone = "UIInterfaceOrientationPortrait UIInterfaceOrientationLandscapeLeft UIInterfaceOrientationLandscapeRight";
				LD_RUNPATH_SEARCH_PATHS = (
					"$(inherited)",
					"@executable_path/Frameworks",
				);
				MARKETING_VERSION = 1.0;
				PRODUCT_BUNDLE_IDENTIFIER = com.akshay.Vibe;
				PRODUCT_NAME = "$(TARGET_NAME)";
				SWIFT_EMIT_LOC_STRINGS = YES;
				SWIFT_VERSION = 5.0;
				TARGETED_DEVICE_FAMILY = "1,2";
			};
			name = Debug;
		};
		26CA2E832B3B6CED006DA2AC /* Release */ = {
			isa = XCBuildConfiguration;
			buildSettings = {
				ASSETCATALOG_COMPILER_APPICON_NAME = AppIcon;
				ASSETCATALOG_COMPILER_GLOBAL_ACCENT_COLOR_NAME = AccentColor;
				CODE_SIGN_STYLE = Automatic;
				CURRENT_PROJECT_VERSION = 1;
				DEVELOPMENT_ASSET_PATHS = "\"Vibe/Preview Content\"";
				DEVELOPMENT_TEAM = A9F5ZF5473;
				ENABLE_PREVIEWS = YES;
				GENERATE_INFOPLIST_FILE = YES;
				INFOPLIST_KEY_NSLocationWhenInUseUsageDescription = "Needs Location to get events near you.";
				INFOPLIST_KEY_UIApplicationSceneManifest_Generation = YES;
				INFOPLIST_KEY_UIApplicationSupportsIndirectInputEvents = YES;
				INFOPLIST_KEY_UILaunchScreen_Generation = YES;
				INFOPLIST_KEY_UISupportedInterfaceOrientations_iPad = "UIInterfaceOrientationPortrait UIInterfaceOrientationPortraitUpsideDown UIInterfaceOrientationLandscapeLeft UIInterfaceOrientationLandscapeRight";
				INFOPLIST_KEY_UISupportedInterfaceOrientations_iPhone = "UIInterfaceOrientationPortrait UIInterfaceOrientationLandscapeLeft UIInterfaceOrientationLandscapeRight";
				LD_RUNPATH_SEARCH_PATHS = (
					"$(inherited)",
					"@executable_path/Frameworks",
				);
				MARKETING_VERSION = 1.0;
				PRODUCT_BUNDLE_IDENTIFIER = com.akshay.Vibe;
				PRODUCT_NAME = "$(TARGET_NAME)";
				SWIFT_EMIT_LOC_STRINGS = YES;
				SWIFT_VERSION = 5.0;
				TARGETED_DEVICE_FAMILY = "1,2";
			};
			name = Release;
		};
		26CA2E852B3B6CED006DA2AC /* Debug */ = {
			isa = XCBuildConfiguration;
			buildSettings = {
				ALWAYS_EMBED_SWIFT_STANDARD_LIBRARIES = YES;
				BUNDLE_LOADER = "$(TEST_HOST)";
				CODE_SIGN_STYLE = Automatic;
				CURRENT_PROJECT_VERSION = 1;
				DEVELOPMENT_TEAM = A9F5ZF5473;
				GENERATE_INFOPLIST_FILE = YES;
				IPHONEOS_DEPLOYMENT_TARGET = 17.2;
				MARKETING_VERSION = 1.0;
				PRODUCT_BUNDLE_IDENTIFIER = akshay.VibeTests;
				PRODUCT_NAME = "$(TARGET_NAME)";
				SWIFT_EMIT_LOC_STRINGS = NO;
				SWIFT_VERSION = 5.0;
				TARGETED_DEVICE_FAMILY = "1,2";
				TEST_HOST = "$(BUILT_PRODUCTS_DIR)/Vibe.app/$(BUNDLE_EXECUTABLE_FOLDER_PATH)/Vibe";
			};
			name = Debug;
		};
		26CA2E862B3B6CED006DA2AC /* Release */ = {
			isa = XCBuildConfiguration;
			buildSettings = {
				ALWAYS_EMBED_SWIFT_STANDARD_LIBRARIES = YES;
				BUNDLE_LOADER = "$(TEST_HOST)";
				CODE_SIGN_STYLE = Automatic;
				CURRENT_PROJECT_VERSION = 1;
				DEVELOPMENT_TEAM = A9F5ZF5473;
				GENERATE_INFOPLIST_FILE = YES;
				IPHONEOS_DEPLOYMENT_TARGET = 17.2;
				MARKETING_VERSION = 1.0;
				PRODUCT_BUNDLE_IDENTIFIER = akshay.VibeTests;
				PRODUCT_NAME = "$(TARGET_NAME)";
				SWIFT_EMIT_LOC_STRINGS = NO;
				SWIFT_VERSION = 5.0;
				TARGETED_DEVICE_FAMILY = "1,2";
				TEST_HOST = "$(BUILT_PRODUCTS_DIR)/Vibe.app/$(BUNDLE_EXECUTABLE_FOLDER_PATH)/Vibe";
			};
			name = Release;
		};
		26CA2E882B3B6CED006DA2AC /* Debug */ = {
			isa = XCBuildConfiguration;
			buildSettings = {
				ALWAYS_EMBED_SWIFT_STANDARD_LIBRARIES = YES;
				CODE_SIGN_STYLE = Automatic;
				CURRENT_PROJECT_VERSION = 1;
				DEVELOPMENT_TEAM = A9F5ZF5473;
				GENERATE_INFOPLIST_FILE = YES;
				MARKETING_VERSION = 1.0;
				PRODUCT_BUNDLE_IDENTIFIER = akshay.VibeUITests;
				PRODUCT_NAME = "$(TARGET_NAME)";
				SWIFT_EMIT_LOC_STRINGS = NO;
				SWIFT_VERSION = 5.0;
				TARGETED_DEVICE_FAMILY = "1,2";
				TEST_TARGET_NAME = Vibe;
			};
			name = Debug;
		};
		26CA2E892B3B6CED006DA2AC /* Release */ = {
			isa = XCBuildConfiguration;
			buildSettings = {
				ALWAYS_EMBED_SWIFT_STANDARD_LIBRARIES = YES;
				CODE_SIGN_STYLE = Automatic;
				CURRENT_PROJECT_VERSION = 1;
				DEVELOPMENT_TEAM = A9F5ZF5473;
				GENERATE_INFOPLIST_FILE = YES;
				MARKETING_VERSION = 1.0;
				PRODUCT_BUNDLE_IDENTIFIER = akshay.VibeUITests;
				PRODUCT_NAME = "$(TARGET_NAME)";
				SWIFT_EMIT_LOC_STRINGS = NO;
				SWIFT_VERSION = 5.0;
				TARGETED_DEVICE_FAMILY = "1,2";
				TEST_TARGET_NAME = Vibe;
			};
			name = Release;
		};
/* End XCBuildConfiguration section */

/* Begin XCConfigurationList section */
		26CA2E582B3B6CEA006DA2AC /* Build configuration list for PBXProject "Vibe" */ = {
			isa = XCConfigurationList;
			buildConfigurations = (
				26CA2E7F2B3B6CED006DA2AC /* Debug */,
				26CA2E802B3B6CED006DA2AC /* Release */,
			);
			defaultConfigurationIsVisible = 0;
			defaultConfigurationName = Release;
		};
		26CA2E812B3B6CED006DA2AC /* Build configuration list for PBXNativeTarget "Vibe" */ = {
			isa = XCConfigurationList;
			buildConfigurations = (
				26CA2E822B3B6CED006DA2AC /* Debug */,
				26CA2E832B3B6CED006DA2AC /* Release */,
			);
			defaultConfigurationIsVisible = 0;
			defaultConfigurationName = Release;
		};
		26CA2E842B3B6CED006DA2AC /* Build configuration list for PBXNativeTarget "VibeTests" */ = {
			isa = XCConfigurationList;
			buildConfigurations = (
				26CA2E852B3B6CED006DA2AC /* Debug */,
				26CA2E862B3B6CED006DA2AC /* Release */,
			);
			defaultConfigurationIsVisible = 0;
			defaultConfigurationName = Release;
		};
		26CA2E872B3B6CED006DA2AC /* Build configuration list for PBXNativeTarget "VibeUITests" */ = {
			isa = XCConfigurationList;
			buildConfigurations = (
				26CA2E882B3B6CED006DA2AC /* Debug */,
				26CA2E892B3B6CED006DA2AC /* Release */,
			);
			defaultConfigurationIsVisible = 0;
			defaultConfigurationName = Release;
		};
/* End XCConfigurationList section */

/* Begin XCRemoteSwiftPackageReference section */
		260BDE092B4C20A50077BCA9 /* XCRemoteSwiftPackageReference "Kingfisher" */ = {
			isa = XCRemoteSwiftPackageReference;
			repositoryURL = "https://github.com/onevcat/Kingfisher.git";
			requirement = {
				kind = upToNextMajorVersion;
				minimumVersion = 7.0.0;
			};
		};
		26CA2EA12B3BA694006DA2AC /* XCRemoteSwiftPackageReference "firebase-ios-sdk" */ = {
			isa = XCRemoteSwiftPackageReference;
			repositoryURL = "https://github.com/firebase/firebase-ios-sdk";
			requirement = {
				kind = upToNextMajorVersion;
				minimumVersion = 10.19.1;
			};
		};
/* End XCRemoteSwiftPackageReference section */

/* Begin XCSwiftPackageProductDependency section */
		260BDE0A2B4C20A50077BCA9 /* Kingfisher */ = {
			isa = XCSwiftPackageProductDependency;
			package = 260BDE092B4C20A50077BCA9 /* XCRemoteSwiftPackageReference "Kingfisher" */;
			productName = Kingfisher;
		};
		26980B612B4B121F00FC4227 /* FirebaseAuth */ = {
			isa = XCSwiftPackageProductDependency;
			package = 26CA2EA12B3BA694006DA2AC /* XCRemoteSwiftPackageReference "firebase-ios-sdk" */;
			productName = FirebaseAuth;
		};
		26CA2EA42B3BA694006DA2AC /* FirebaseFirestore */ = {
			isa = XCSwiftPackageProductDependency;
			package = 26CA2EA12B3BA694006DA2AC /* XCRemoteSwiftPackageReference "firebase-ios-sdk" */;
			productName = FirebaseFirestore;
		};
		26CA2EA62B3BA694006DA2AC /* FirebaseFirestoreSwift */ = {
			isa = XCSwiftPackageProductDependency;
			package = 26CA2EA12B3BA694006DA2AC /* XCRemoteSwiftPackageReference "firebase-ios-sdk" */;
			productName = FirebaseFirestoreSwift;
		};
		26CA2EA82B3BA694006DA2AC /* FirebaseStorage */ = {
			isa = XCSwiftPackageProductDependency;
			package = 26CA2EA12B3BA694006DA2AC /* XCRemoteSwiftPackageReference "firebase-ios-sdk" */;
			productName = FirebaseStorage;
		};
/* End XCSwiftPackageProductDependency section */
	};
	rootObject = 26CA2E552B3B6CEA006DA2AC /* Project object */;
}
